
Microsoft Visual Studio Solution File, Format Version 12.00
# Visual Studio Version 17
VisualStudioVersion = 17.11.35219.272
MinimumVisualStudioVersion = 10.0.40219.1
Project("{FAE04EC0-301F-11D3-BF4B-00C04F79EFBC}") = "Week 4 Exercise 3", "Week 4 Exercise 3\Week 4 Exercise 3.csproj", "{AA822EA9-4E67-4C64-83AA-CC32A1EB0455}"
EndProject
Global
	GlobalSection(SolutionConfigurationPlatforms) = preSolution
		Debug|Any CPU = Debug|Any CPU
		Release|Any CPU = Release|Any CPU
	EndGlobalSection
	GlobalSection(ProjectConfigurationPlatforms) = postSolution
		{AA822EA9-4E67-4C64-83AA-CC32A1EB0455}.Debug|Any CPU.ActiveCfg = Debug|Any CPU
		{AA822EA9-4E67-4C64-83AA-CC32A1EB0455}.Debug|Any CPU.Build.0 = Debug|Any CPU
		{AA822EA9-4E67-4C64-83AA-CC32A1EB0455}.Release|Any CPU.ActiveCfg = Release|Any CPU
		{AA822EA9-4E67-4C64-83AA-CC32A1EB0455}.Release|Any CPU.Build.0 = Release|Any CPU
	EndGlobalSection
	GlobalSection(SolutionProperties) = preSolution
		HideSolutionNode = FALSE
	EndGlobalSection
	GlobalSection(ExtensibilityGlobals) = postSolution
		SolutionGuid = {0E1A94F4-3A65-4AFA-B715-B37CC5ACBC71}
	EndGlobalSection
EndGlobal
